
Microsoft Visual Studio Solution File, Format Version 12.00
# Visual Studio 15
VisualStudioVersion = 15.0.26430.6
MinimumVisualStudioVersion = 10.0.40219.1
Project("{FAE04EC0-301F-11D3-BF4B-00C04F79EFBC}") = "IdentityBothMVCAndWebApi", "IdentityBothMVCAndWebApi\IdentityBothMVCAndWebApi.csproj", "{44996170-CA6C-4DD2-B3F6-4FDF56FE086F}"
EndProject
Global
	GlobalSection(SolutionConfigurationPlatforms) = preSolution
		Debug|Any CPU = Debug|Any CPU
		Release|Any CPU = Release|Any CPU
	EndGlobalSection
	GlobalSection(ProjectConfigurationPlatforms) = postSolution
		{44996170-CA6C-4DD2-B3F6-4FDF56FE086F}.Debug|Any CPU.ActiveCfg = Debug|Any CPU
		{44996170-CA6C-4DD2-B3F6-4FDF56FE086F}.Debug|Any CPU.Build.0 = Debug|Any CPU
		{44996170-CA6C-4DD2-B3F6-4FDF56FE086F}.Release|Any CPU.ActiveCfg = Release|Any CPU
		{44996170-CA6C-4DD2-B3F6-4FDF56FE086F}.Release|Any CPU.Build.0 = Release|Any CPU
	EndGlobalSection
	GlobalSection(SolutionProperties) = preSolution
		HideSolutionNode = FALSE
	EndGlobalSection
EndGlobal
